// !$*UTF8*$!
{
	archiveVersion = 1;
	classes = {
	};
	objectVersion = 77;
	objects = {

/* Begin PBXBuildFile section */
		7C153878301849410049DF05 /* SlowWalkAPIContracts in Frameworks */ = {isa = PBXBuildFile; productRef = 7C153877301849410049DF05 /* SlowWalkAPIContracts */; };
		7C15387A301849410049DF05 /* SlowWalkClientCore in Frameworks */ = {isa = PBXBuildFile; productRef = 7C153879301849410049DF05 /* SlowWalkClientCore */; };
		7C15387C301849410049DF05 /* SlowWalkDomain in Frameworks */ = {isa = PBXBuildFile; productRef = 7C15387B301849410049DF05 /* SlowWalkDomain */; };
		7CFA0B010000000000000010 /* SlowWalkDomain in Frameworks */ = {isa = PBXBuildFile; productRef = 7CFA0B020000000000000011 /* SlowWalkDomain */; };
		7CFA0B100000000000000010 /* SlowWalkWidget.appex in Embed App Extensions */ = {isa = PBXBuildFile; fileRef = 7CFA0B110000000000000001 /* SlowWalkWidget.appex */; settings = {ATTRIBUTES = (RemoveHeadersOnCopy, ); }; };
		7CFA0B200000000000000020 /* SlowWalkActivityAttributes.swift in Sources */ = {isa = PBXBuildFile; fileRef = 7CFA0B220000000000000022 /* SlowWalkActivityAttributes.swift */; };
		7CFA0B210000000000000021 /* SlowWalkActivityAttributes.swift in Sources */ = {isa = PBXBuildFile; fileRef = 7CFA0B220000000000000022 /* SlowWalkActivityAttributes.swift */; };
/* End PBXBuildFile section */

/* Begin PBXFileReference section */
		7C96080A3018333F0081BCFA /* SlowWalkApp.app */ = {isa = PBXFileReference; explicitFileType = wrapper.application; includeInIndex = 0; path = SlowWalkApp.app; sourceTree = BUILT_PRODUCTS_DIR; };
		7CFA0A010000000000000001 /* SlowWalkAppTests.xctest */ = {isa = PBXFileReference; explicitFileType = wrapper.cfbundle; includeInIndex = 0; path = SlowWalkAppTests.xctest; sourceTree = BUILT_PRODUCTS_DIR; };
		7CFA0B110000000000000001 /* SlowWalkWidget.appex */ = {isa = PBXFileReference; explicitFileType = "wrapper.app-extension"; includeInIndex = 0; path = SlowWalkWidget.appex; sourceTree = BUILT_PRODUCTS_DIR; };
		7CFA0B220000000000000022 /* SlowWalkActivityAttributes.swift */ = {isa = PBXFileReference; lastKnownFileType = sourcecode.swift; path = SlowWalkActivityAttributes.swift; sourceTree = "<group>"; };
/* End PBXFileReference section */

/* Begin PBXContainerItemProxy section */
		7CFA0A070000000000000007 /* PBXContainerItemProxy */ = {
			isa = PBXContainerItemProxy;
			containerPortal = 7C9608023018333F0081BCFA /* Project object */;
			proxyType = 1;
			remoteGlobalIDString = 7C9608093018333F0081BCFA;
			remoteInfo = SlowWalkApp;
		};
		7CFA0B170000000000000007 /* PBXContainerItemProxy */ = {
			isa = PBXContainerItemProxy;
			containerPortal = 7C9608023018333F0081BCFA /* Project object */;
			proxyType = 1;
			remoteGlobalIDString = 7CFA0B160000000000000006;
			remoteInfo = SlowWalkWidget;
		};
/* End PBXContainerItemProxy section */

/* Begin PBXCopyFilesBuildPhase section */
		7CFA0B190000000000000009 /* Embed App Extensions */ = {
			isa = PBXCopyFilesBuildPhase;
			buildActionMask = 2147483647;
			dstPath = "";
			dstSubfolderSpec = 13;
			files = (
				7CFA0B100000000000000010 /* SlowWalkWidget.appex in Embed App Extensions */,
			);
			name = "Embed App Extensions";
			runOnlyForDeploymentPostprocessing = 0;
		};
/* End PBXCopyFilesBuildPhase section */

/* Begin PBXFileSystemSynchronizedBuildFileExceptionSet section */
		7C153881301850F80049DF05 /* Exceptions for "SlowWalkApp" folder in "SlowWalkApp" target */ = {
			isa = PBXFileSystemSynchronizedBuildFileExceptionSet;
			membershipExceptions = (
				Features/README.md,
				Resources/README.md,
			);
			target = 7C9608093018333F0081BCFA /* SlowWalkApp */;
		};
		7CFA0B240000000000000024 /* Exceptions for "SlowWalkWidget" folder in "SlowWalkWidget" target */ = {
			isa = PBXFileSystemSynchronizedBuildFileExceptionSet;
			membershipExceptions = (
				Info.plist,
			);
			target = 7CFA0B160000000000000006 /* SlowWalkWidget */;
		};
/* End PBXFileSystemSynchronizedBuildFileExceptionSet section */

/* Begin PBXFileSystemSynchronizedRootGroup section */
		7C96080C3018333F0081BCFA /* SlowWalkApp */ = {
			isa = PBXFileSystemSynchronizedRootGroup;
			exceptions = (
				7C153881301850F80049DF05 /* Exceptions for "SlowWalkApp" folder in "SlowWalkApp" target */,
			);
			path = SlowWalkApp;
			sourceTree = "<group>";
		};
		7CFA0A020000000000000002 /* SlowWalkAppTests */ = {
			isa = PBXFileSystemSynchronizedRootGroup;
			path = SlowWalkAppTests;
			sourceTree = "<group>";
		};
		7CFA0B120000000000000002 /* SlowWalkWidget */ = {
			isa = PBXFileSystemSynchronizedRootGroup;
			exceptions = (
				7CFA0B240000000000000024 /* Exceptions for "SlowWalkWidget" folder in "SlowWalkWidget" target */,
			);
			path = SlowWalkWidget;
			sourceTree = "<group>";
		};
/* End PBXFileSystemSynchronizedRootGroup section */

/* Begin PBXFrameworksBuildPhase section */
		7C9608073018333F0081BCFA /* Frameworks */ = {
			isa = PBXFrameworksBuildPhase;
			buildActionMask = 2147483647;
			files = (
				7C15387C301849410049DF05 /* SlowWalkDomain in Frameworks */,
				7C15387A301849410049DF05 /* SlowWalkClientCore in Frameworks */,
				7C153878301849410049DF05 /* SlowWalkAPIContracts in Frameworks */,
			);
			runOnlyForDeploymentPostprocessing = 0;
		};
		7CFA0A040000000000000004 /* Frameworks */ = {
			isa = PBXFrameworksBuildPhase;
			buildActionMask = 2147483647;
			files = (
				7CFA0B010000000000000010 /* SlowWalkDomain in Frameworks */,
			);
			runOnlyForDeploymentPostprocessing = 0;
		};
		7CFA0B130000000000000003 /* Frameworks */ = {
			isa = PBXFrameworksBuildPhase;
			buildActionMask = 2147483647;
			files = (
			);
			runOnlyForDeploymentPostprocessing = 0;
		};
/* End PBXFrameworksBuildPhase section */

/* Begin PBXGroup section */
		7C9608013018333F0081BCFA = {
			isa = PBXGroup;
			children = (
				7C96080C3018333F0081BCFA /* SlowWalkApp */,
				7CFA0A020000000000000002 /* SlowWalkAppTests */,
				7CFA0B120000000000000002 /* SlowWalkWidget */,
				7CFA0B230000000000000023 /* SlowWalkShared */,
				7C96080B3018333F0081BCFA /* Products */,
			);
			sourceTree = "<group>";
		};
		7C96080B3018333F0081BCFA /* Products */ = {
			isa = PBXGroup;
			children = (
				7C96080A3018333F0081BCFA /* SlowWalkApp.app */,
				7CFA0A010000000000000001 /* SlowWalkAppTests.xctest */,
				7CFA0B110000000000000001 /* SlowWalkWidget.appex */,
			);
			name = Products;
			sourceTree = "<group>";
		};
		7CFA0B230000000000000023 /* SlowWalkShared */ = {
			isa = PBXGroup;
			children = (
				7CFA0B220000000000000022 /* SlowWalkActivityAttributes.swift */,
			);
			path = SlowWalkShared;
			sourceTree = "<group>";
		};
/* End PBXGroup section */

/* Begin PBXNativeTarget section */
		7C9608093018333F0081BCFA /* SlowWalkApp */ = {
			isa = PBXNativeTarget;
			buildConfigurationList = 7C960815301833410081BCFA /* Build configuration list for PBXNativeTarget "SlowWalkApp" */;
			buildPhases = (
				7C9608063018333F0081BCFA /* Sources */,
				7C9608073018333F0081BCFA /* Frameworks */,
				7C9608083018333F0081BCFA /* Resources */,
				7CFA0B190000000000000009 /* Embed App Extensions */,
			);
			buildRules = (
			);
			dependencies = (
				7CFA0B180000000000000008 /* PBXTargetDependency */,
			);
			fileSystemSynchronizedGroups = (
				7C96080C3018333F0081BCFA /* SlowWalkApp */,
			);
			name = SlowWalkApp;
			packageProductDependencies = (
				7C153877301849410049DF05 /* SlowWalkAPIContracts */,
				7C153879301849410049DF05 /* SlowWalkClientCore */,
				7C15387B301849410049DF05 /* SlowWalkDomain */,
			);
			productName = SlowWalkApp;
			productReference = 7C96080A3018333F0081BCFA /* SlowWalkApp.app */;
			productType = "com.apple.product-type.application";
		};
		7CFA0A060000000000000006 /* SlowWalkAppTests */ = {
			isa = PBXNativeTarget;
			buildConfigurationList = 7CFA0A0B000000000000000B /* Build configuration list for PBXNativeTarget "SlowWalkAppTests" */;
			buildPhases = (
				7CFA0A030000000000000003 /* Sources */,
				7CFA0A040000000000000004 /* Frameworks */,
				7CFA0A050000000000000005 /* Resources */,
			);
			buildRules = (
			);
			dependencies = (
				7CFA0A080000000000000008 /* PBXTargetDependency */,
			);
			fileSystemSynchronizedGroups = (
				7CFA0A020000000000000002 /* SlowWalkAppTests */,
			);
			name = SlowWalkAppTests;
			packageProductDependencies = (
				7CFA0B020000000000000011 /* SlowWalkDomain */,
			);
			productName = SlowWalkAppTests;
			productReference = 7CFA0A010000000000000001 /* SlowWalkAppTests.xctest */;
			productType = "com.apple.product-type.bundle.unit-test";
		};
		7CFA0B160000000000000006 /* SlowWalkWidget */ = {
			isa = PBXNativeTarget;
			buildConfigurationList = 7CFA0B1C000000000000000C /* Build configuration list for PBXNativeTarget "SlowWalkWidget" */;
			buildPhases = (
				7CFA0B150000000000000005 /* Sources */,
				7CFA0B130000000000000003 /* Frameworks */,
				7CFA0B140000000000000004 /* Resources */,
			);
			buildRules = (
			);
			dependencies = (
			);
			fileSystemSynchronizedGroups = (
				7CFA0B120000000000000002 /* SlowWalkWidget */,
			);
			name = SlowWalkWidget;
			productName = SlowWalkWidget;
			productReference = 7CFA0B110000000000000001 /* SlowWalkWidget.appex */;
			productType = "com.apple.product-type.app-extension";
		};
/* End PBXNativeTarget section */

/* Begin PBXProject section */
		7C9608023018333F0081BCFA /* Project object */ = {
			isa = PBXProject;
			attributes = {
				BuildIndependentTargetsInParallel = 1;
				LastSwiftUpdateCheck = 2660;
				LastUpgradeCheck = 2660;
				TargetAttributes = {
					7C9608093018333F0081BCFA = {
						CreatedOnToolsVersion = 26.6;
					};
					7CFA0A060000000000000006 = {
						CreatedOnToolsVersion = 26.6;
						TestTargetID = 7C9608093018333F0081BCFA /* SlowWalkApp */;
					};
					7CFA0B160000000000000006 = {
						CreatedOnToolsVersion = 26.6;
					};
				};
			};
			buildConfigurationList = 7C9608053018333F0081BCFA /* Build configuration list for PBXProject "SlowWalkApp" */;
			developmentRegion = en;
			hasScannedForEncodings = 0;
			knownRegions = (
				en,
				Base,
			);
			mainGroup = 7C9608013018333F0081BCFA;
			minimizedProjectReferenceProxies = 1;
			packageReferences = (
				7C153876301849410049DF05 /* XCLocalSwiftPackageReference "../swift-packages/SlowWalkCore" */,
			);
			preferredProjectObjectVersion = 77;
			productRefGroup = 7C96080B3018333F0081BCFA /* Products */;
			projectDirPath = "";
			projectRoot = "";
			targets = (
				7C9608093018333F0081BCFA /* SlowWalkApp */,
				7CFA0A060000000000000006 /* SlowWalkAppTests */,
				7CFA0B160000000000000006 /* SlowWalkWidget */,
			);
		};
/* End PBXProject section */

/* Begin PBXResourcesBuildPhase section */
		7C9608083018333F0081BCFA /* Resources */ = {
			isa = PBXResourcesBuildPhase;
			buildActionMask = 2147483647;
			files = (
			);
			runOnlyForDeploymentPostprocessing = 0;
		};
		7CFA0A050000000000000005 /* Resources */ = {
			isa = PBXResourcesBuildPhase;
			buildActionMask = 2147483647;
			files = (
			);
			runOnlyForDeploymentPostprocessing = 0;
		};
		7CFA0B140000000000000004 /* Resources */ = {
			isa = PBXResourcesBuildPhase;
			buildActionMask = 2147483647;
			files = (
			);
			runOnlyForDeploymentPostprocessing = 0;
		};
/* End PBXResourcesBuildPhase section */

/* Begin PBXSourcesBuildPhase section */
		7C9608063018333F0081BCFA /* Sources */ = {
			isa = PBXSourcesBuildPhase;
			buildActionMask = 2147483647;
			files = (
				7CFA0B200000000000000020 /* SlowWalkActivityAttributes.swift in Sources */,
			);
			runOnlyForDeploymentPostprocessing = 0;
		};
		7CFA0A030000000000000003 /* Sources */ = {
			isa = PBXSourcesBuildPhase;
			buildActionMask = 2147483647;
			files = (
			);
			runOnlyForDeploymentPostprocessing = 0;
		};
		7CFA0B150000000000000005 /* Sources */ = {
			isa = PBXSourcesBuildPhase;
			buildActionMask = 2147483647;
			files = (
				7CFA0B210000000000000021 /* SlowWalkActivityAttributes.swift in Sources */,
			);
			runOnlyForDeploymentPostprocessing = 0;
		};
/* End PBXSourcesBuildPhase section */

/* Begin PBXTargetDependency section */
		7CFA0A080000000000000008 /* PBXTargetDependency */ = {
			isa = PBXTargetDependency;
			target = 7C9608093018333F0081BCFA /* SlowWalkApp */;
			targetProxy = 7CFA0A070000000000000007 /* PBXContainerItemProxy */;
		};
		7CFA0B180000000000000008 /* PBXTargetDependency */ = {
			isa = PBXTargetDependency;
			target = 7CFA0B160000000000000006 /* SlowWalkWidget */;
			targetProxy = 7CFA0B170000000000000007 /* PBXContainerItemProxy */;
		};
/* End PBXTargetDependency section */

/* Begin XCBuildConfiguration section */
		7C960813301833410081BCFA /* Debug */ = {
			isa = XCBuildConfiguration;
			buildSettings = {
				ALWAYS_SEARCH_USER_PATHS = NO;
				ASSETCATALOG_COMPILER_GENERATE_SWIFT_ASSET_SYMBOL_EXTENSIONS = YES;
				CLANG_ANALYZER_NONNULL = YES;
				CLANG_ANALYZER_NUMBER_OBJECT_CONVERSION = YES_AGGRESSIVE;
				CLANG_CXX_LANGUAGE_STANDARD = "gnu++20";
				CLANG_ENABLE_MODULES = YES;
				CLANG_ENABLE_OBJC_ARC = YES;
				CLANG_ENABLE_OBJC_WEAK = YES;
				CLANG_WARN_BLOCK_CAPTURE_AUTORELEASING = YES;
				CLANG_WARN_BOOL_CONVERSION = YES;
				CLANG_WARN_COMMA = YES;
				CLANG_WARN_CONSTANT_CONVERSION = YES;
				CLANG_WARN_DEPRECATED_OBJC_IMPLEMENTATIONS = YES;
				CLANG_WARN_DIRECT_OBJC_ISA_USAGE = YES_ERROR;
				CLANG_WARN_DOCUMENTATION_COMMENTS = YES;
				CLANG_WARN_EMPTY_BODY = YES;
				CLANG_WARN_ENUM_CONVERSION = YES;
				CLANG_WARN_INFINITE_RECURSION = YES;
				CLANG_WARN_INT_CONVERSION = YES;
				CLANG_WARN_NON_LITERAL_NULL_CONVERSION = YES;
				CLANG_WARN_OBJC_IMPLICIT_RETAIN_SELF = YES;
				CLANG_WARN_OBJC_LITERAL_CONVERSION = YES;
				CLANG_WARN_OBJC_ROOT_CLASS = YES_ERROR;
				CLANG_WARN_QUOTED_INCLUDE_IN_FRAMEWORK_HEADER = YES;
				CLANG_WARN_RANGE_LOOP_ANALYSIS = YES;
				CLANG_WARN_STRICT_PROTOTYPES = YES;
				CLANG_WARN_SUSPICIOUS_MOVE = YES;
				CLANG_WARN_UNGUARDED_AVAILABILITY = YES_AGGRESSIVE;
				CLANG_WARN_UNREACHABLE_CODE = YES;
				CLANG_WARN__DUPLICATE_METHOD_MATCH = YES;
				COPY_PHASE_STRIP = NO;
				DEBUG_INFORMATION_FORMAT = dwarf;
				ENABLE_STRICT_OBJC_MSGSEND = YES;
				ENABLE_TESTABILITY = YES;
				ENABLE_USER_SCRIPT_SANDBOXING = YES;
				GCC_C_LANGUAGE_STANDARD = gnu17;
				GCC_DYNAMIC_NO_PIC = NO;
				GCC_NO_COMMON_BLOCKS = YES;
				GCC_OPTIMIZATION_LEVEL = 0;
				GCC_PREPROCESSOR_DEFINITIONS = (
					"DEBUG=1",
					"$(inherited)",
				);
				GCC_WARN_64_TO_32_BIT_CONVERSION = YES;
				GCC_WARN_ABOUT_RETURN_TYPE = YES_ERROR;
				GCC_WARN_UNDECLARED_SELECTOR = YES;
				GCC_WARN_UNINITIALIZED_AUTOS = YES_AGGRESSIVE;
				GCC_WARN_UNUSED_FUNCTION = YES;
				GCC_WARN_UNUSED_VARIABLE = YES;
				IPHONEOS_DEPLOYMENT_TARGET = 17.0;
				LOCALIZATION_PREFERS_STRING_CATALOGS = YES;
				MTL_ENABLE_DEBUG_INFO = INCLUDE_SOURCE;
				MTL_FAST_MATH = YES;
				ONLY_ACTIVE_ARCH = YES;
				SDKROOT = iphoneos;
				SWIFT_ACTIVE_COMPILATION_CONDITIONS = "DEBUG $(inherited)";
				SWIFT_OPTIMIZATION_LEVEL = "-Onone";
			};
			name = Debug;
		};
		7C960814301833410081BCFA /* Release */ = {
			isa = XCBuildConfiguration;
			buildSettings = {
				ALWAYS_SEARCH_USER_PATHS = NO;
				ASSETCATALOG_COMPILER_GENERATE_SWIFT_ASSET_SYMBOL_EXTENSIONS = YES;
				CLANG_ANALYZER_NONNULL = YES;
				CLANG_ANALYZER_NUMBER_OBJECT_CONVERSION = YES_AGGRESSIVE;
				CLANG_CXX_LANGUAGE_STANDARD = "gnu++20";
				CLANG_ENABLE_MODULES = YES;
				CLANG_ENABLE_OBJC_ARC = YES;
				CLANG_ENABLE_OBJC_WEAK = YES;
				CLANG_WARN_BLOCK_CAPTURE_AUTORELEASING = YES;
				CLANG_WARN_BOOL_CONVERSION = YES;
				CLANG_WARN_COMMA = YES;
				CLANG_WARN_CONSTANT_CONVERSION = YES;
				CLANG_WARN_DEPRECATED_OBJC_IMPLEMENTATIONS = YES;
				CLANG_WARN_DIRECT_OBJC_ISA_USAGE = YES_ERROR;
				CLANG_WARN_DOCUMENTATION_COMMENTS = YES;
				CLANG_WARN_EMPTY_BODY = YES;
				CLANG_WARN_ENUM_CONVERSION = YES;
				CLANG_WARN_INFINITE_RECURSION = YES;
				CLANG_WARN_INT_CONVERSION = YES;
				CLANG_WARN_NON_LITERAL_NULL_CONVERSION = YES;
				CLANG_WARN_OBJC_IMPLICIT_RETAIN_SELF = YES;
				CLANG_WARN_OBJC_LITERAL_CONVERSION = YES;
				CLANG_WARN_OBJC_ROOT_CLASS = YES_ERROR;
				CLANG_WARN_QUOTED_INCLUDE_IN_FRAMEWORK_HEADER = YES;
				CLANG_WARN_RANGE_LOOP_ANALYSIS = YES;
				CLANG_WARN_STRICT_PROTOTYPES = YES;
				CLANG_WARN_SUSPICIOUS_MOVE = YES;
				CLANG_WARN_UNGUARDED_AVAILABILITY = YES_AGGRESSIVE;
				CLANG_WARN_UNREACHABLE_CODE = YES;
				CLANG_WARN__DUPLICATE_METHOD_MATCH = YES;
				COPY_PHASE_STRIP = NO;
				DEBUG_INFORMATION_FORMAT = "dwarf-with-dsym";
				ENABLE_NS_ASSERTIONS = NO;
				ENABLE_STRICT_OBJC_MSGSEND = YES;
				ENABLE_USER_SCRIPT_SANDBOXING = YES;
				GCC_C_LANGUAGE_STANDARD = gnu17;
				GCC_NO_COMMON_BLOCKS = YES;
				GCC_WARN_64_TO_32_BIT_CONVERSION = YES;
				GCC_WARN_ABOUT_RETURN_TYPE = YES_ERROR;
				GCC_WARN_UNDECLARED_SELECTOR = YES;
				GCC_WARN_UNINITIALIZED_AUTOS = YES_AGGRESSIVE;
				GCC_WARN_UNUSED_FUNCTION = YES;
				GCC_WARN_UNUSED_VARIABLE = YES;
				IPHONEOS_DEPLOYMENT_TARGET = 17.0;
				LOCALIZATION_PREFERS_STRING_CATALOGS = YES;
				MTL_ENABLE_DEBUG_INFO = NO;
				MTL_FAST_MATH = YES;
				SDKROOT = iphoneos;
				SWIFT_COMPILATION_MODE = wholemodule;
				VALIDATE_PRODUCT = YES;
			};
			name = Release;
		};
		7C960816301833410081BCFA /* Debug */ = {
			isa = XCBuildConfiguration;
			buildSettings = {
				ALWAYS_EMBED_SWIFT_STANDARD_LIBRARIES = YES;
				ASSETCATALOG_COMPILER_APPICON_NAME = AppIcon;
				ASSETCATALOG_COMPILER_GLOBAL_ACCENT_COLOR_NAME = AccentColor;
				ASSETCATALOG_COMPILER_INCLUDE_ALL_APPICON_ASSETS = NO;
				CODE_SIGN_STYLE = Manual;
				CURRENT_PROJECT_VERSION = 1;
				DEVELOPMENT_TEAM = "";
				ENABLE_PREVIEWS = YES;
				GENERATE_INFOPLIST_FILE = YES;
				INFOPLIST_KEY_NSCameraUsageDescription = "用于拍摄药品包装，在您的设备上离线识别文字，帮助核对药品信息。";
				INFOPLIST_KEY_NSLocationWhenInUseUsageDescription = "用于在步行外出时提供路线与驻留安全提醒，位置数据仅在您的设备上使用。";
				INFOPLIST_KEY_NSPhotoLibraryUsageDescription = "用于从相册选择药品包装照片，在您的设备上离线识别文字。";
				INFOPLIST_KEY_NSSupportsLiveActivities = YES;
				INFOPLIST_KEY_UIApplicationSceneManifest_Generation = YES;
				INFOPLIST_KEY_UIApplicationSupportsIndirectInputEvents = YES;
				INFOPLIST_KEY_UILaunchScreen_Generation = YES;
				INFOPLIST_KEY_UISupportedInterfaceOrientations_iPad = "UIInterfaceOrientationPortrait UIInterfaceOrientationPortraitUpsideDown UIInterfaceOrientationLandscapeLeft UIInterfaceOrientationLandscapeRight";
				INFOPLIST_KEY_UISupportedInterfaceOrientations_iPhone = "UIInterfaceOrientationPortrait UIInterfaceOrientationLandscapeLeft UIInterfaceOrientationLandscapeRight";
				IPHONEOS_DEPLOYMENT_TARGET = 17.0;
				LD_RUNPATH_SEARCH_PATHS = (
					"$(inherited)",
					"@executable_path/Frameworks",
				);
				MARKETING_VERSION = 1.0;
				PRODUCT_BUNDLE_IDENTIFIER = com.creaope.slowwalk;
				PRODUCT_NAME = "$(TARGET_NAME)";
				PROVISIONING_PROFILE_SPECIFIER = "";
				STRING_CATALOG_GENERATE_SYMBOLS = YES;
				SUPPORTED_PLATFORMS = "iphoneos iphonesimulator";
				SUPPORTS_MACCATALYST = NO;
				SUPPORTS_MAC_DESIGNED_FOR_IPHONE_IPAD = NO;
				SUPPORTS_XR_DESIGNED_FOR_IPHONE_IPAD = NO;
				SWIFT_APPROACHABLE_CONCURRENCY = YES;
				SWIFT_DEFAULT_ACTOR_ISOLATION = MainActor;
				SWIFT_EMIT_LOC_STRINGS = YES;
				SWIFT_STRICT_CONCURRENCY = complete;
				SWIFT_UPCOMING_FEATURE_MEMBER_IMPORT_VISIBILITY = YES;
				SWIFT_VERSION = 6.0;
				TARGETED_DEVICE_FAMILY = "1,2";
			};
			name = Debug;
		};
		7C960817301833410081BCFA /* Release */ = {
			isa = XCBuildConfiguration;
			buildSettings = {
				ALWAYS_EMBED_SWIFT_STANDARD_LIBRARIES = YES;
				ASSETCATALOG_COMPILER_APPICON_NAME = AppIcon;
				ASSETCATALOG_COMPILER_GLOBAL_ACCENT_COLOR_NAME = AccentColor;
				ASSETCATALOG_COMPILER_INCLUDE_ALL_APPICON_ASSETS = NO;
				CODE_SIGN_STYLE = Manual;
				CURRENT_PROJECT_VERSION = 1;
				DEVELOPMENT_TEAM = "";
				ENABLE_PREVIEWS = YES;
				GENERATE_INFOPLIST_FILE = YES;
				INFOPLIST_KEY_NSCameraUsageDescription = "用于拍摄药品包装，在您的设备上离线识别文字，帮助核对药品信息。";
				INFOPLIST_KEY_NSLocationWhenInUseUsageDescription = "用于在步行外出时提供路线与驻留安全提醒，位置数据仅在您的设备上使用。";
				INFOPLIST_KEY_NSPhotoLibraryUsageDescription = "用于从相册选择药品包装照片，在您的设备上离线识别文字。";
				INFOPLIST_KEY_NSSupportsLiveActivities = YES;
				INFOPLIST_KEY_UIApplicationSceneManifest_Generation = YES;
				INFOPLIST_KEY_UIApplicationSupportsIndirectInputEvents = YES;
				INFOPLIST_KEY_UILaunchScreen_Generation = YES;
				INFOPLIST_KEY_UISupportedInterfaceOrientations_iPad = "UIInterfaceOrientationPortrait UIInterfaceOrientationPortraitUpsideDown UIInterfaceOrientationLandscapeLeft UIInterfaceOrientationLandscapeRight";
				INFOPLIST_KEY_UISupportedInterfaceOrientations_iPhone = "UIInterfaceOrientationPortrait UIInterfaceOrientationLandscapeLeft UIInterfaceOrientationLandscapeRight";
				IPHONEOS_DEPLOYMENT_TARGET = 17.0;
				LD_RUNPATH_SEARCH_PATHS = (
					"$(inherited)",
					"@executable_path/Frameworks",
				);
				MARKETING_VERSION = 1.0;
				PRODUCT_BUNDLE_IDENTIFIER = com.creaope.slowwalk;
				PRODUCT_NAME = "$(TARGET_NAME)";
				PROVISIONING_PROFILE_SPECIFIER = "";
				STRING_CATALOG_GENERATE_SYMBOLS = YES;
				SUPPORTED_PLATFORMS = "iphoneos iphonesimulator";
				SUPPORTS_MACCATALYST = NO;
				SUPPORTS_MAC_DESIGNED_FOR_IPHONE_IPAD = NO;
				SUPPORTS_XR_DESIGNED_FOR_IPHONE_IPAD = NO;
				SWIFT_APPROACHABLE_CONCURRENCY = YES;
				SWIFT_DEFAULT_ACTOR_ISOLATION = MainActor;
				SWIFT_EMIT_LOC_STRINGS = YES;
				SWIFT_STRICT_CONCURRENCY = complete;
				SWIFT_UPCOMING_FEATURE_MEMBER_IMPORT_VISIBILITY = YES;
				SWIFT_VERSION = 6.0;
				TARGETED_DEVICE_FAMILY = "1,2";
			};
			name = Release;
		};
		7CFA0A090000000000000009 /* Debug */ = {
			isa = XCBuildConfiguration;
			buildSettings = {
				BUNDLE_LOADER = "$(TEST_HOST)";
				CODE_SIGN_STYLE = Automatic;
				CURRENT_PROJECT_VERSION = 1;
				DEVELOPMENT_TEAM = "";
				GENERATE_INFOPLIST_FILE = YES;
				IPHONEOS_DEPLOYMENT_TARGET = 17.0;
				MARKETING_VERSION = 1.0;
				PRODUCT_BUNDLE_IDENTIFIER = com.creaope.slowwalk.tests;
				PRODUCT_NAME = "$(TARGET_NAME)";
				SUPPORTED_PLATFORMS = "iphoneos iphonesimulator";
				SWIFT_APPROACHABLE_CONCURRENCY = YES;
				SWIFT_DEFAULT_ACTOR_ISOLATION = MainActor;
				SWIFT_EMIT_LOC_STRINGS = NO;
				SWIFT_STRICT_CONCURRENCY = complete;
				SWIFT_VERSION = 6.0;
				TARGETED_DEVICE_FAMILY = "1,2";
				TEST_HOST = "$(BUILT_PRODUCTS_DIR)/SlowWalkApp.app/$(BUNDLE_EXECUTABLE_FOLDER_PATH)/SlowWalkApp";
			};
			name = Debug;
		};
		7CFA0A0A000000000000000A /* Release */ = {
			isa = XCBuildConfiguration;
			buildSettings = {
				BUNDLE_LOADER = "$(TEST_HOST)";
				CODE_SIGN_STYLE = Automatic;
				CURRENT_PROJECT_VERSION = 1;
				DEVELOPMENT_TEAM = "";
				GENERATE_INFOPLIST_FILE = YES;
				IPHONEOS_DEPLOYMENT_TARGET = 17.0;
				MARKETING_VERSION = 1.0;
				PRODUCT_BUNDLE_IDENTIFIER = com.creaope.slowwalk.tests;
				PRODUCT_NAME = "$(TARGET_NAME)";
				SUPPORTED_PLATFORMS = "iphoneos iphonesimulator";
				SWIFT_APPROACHABLE_CONCURRENCY = YES;
				SWIFT_DEFAULT_ACTOR_ISOLATION = MainActor;
				SWIFT_EMIT_LOC_STRINGS = NO;
				SWIFT_STRICT_CONCURRENCY = complete;
				SWIFT_VERSION = 6.0;
				TARGETED_DEVICE_FAMILY = "1,2";
				TEST_HOST = "$(BUILT_PRODUCTS_DIR)/SlowWalkApp.app/$(BUNDLE_EXECUTABLE_FOLDER_PATH)/SlowWalkApp";
			};
			name = Release;
		};
		7CFA0B1A000000000000000A /* Debug */ = {
			isa = XCBuildConfiguration;
			buildSettings = {
				CODE_SIGN_STYLE = Manual;
				CURRENT_PROJECT_VERSION = 1;
				DEVELOPMENT_TEAM = "";
				GENERATE_INFOPLIST_FILE = YES;
				INFOPLIST_FILE = SlowWalkWidget/Info.plist;
				INFOPLIST_KEY_CFBundleDisplayName = "慢走组件";
				INFOPLIST_KEY_NSSupportsLiveActivities = YES;
				IPHONEOS_DEPLOYMENT_TARGET = 17.0;
				LD_RUNPATH_SEARCH_PATHS = (
					"$(inherited)",
					"@executable_path/Frameworks",
					"@executable_path/../../Frameworks",
				);
				MARKETING_VERSION = 1.0;
				PRODUCT_BUNDLE_IDENTIFIER = com.creaope.slowwalk.widget;
				PRODUCT_NAME = "$(TARGET_NAME)";
				PROVISIONING_PROFILE_SPECIFIER = "";
				SKIP_INSTALL = YES;
				SUPPORTED_PLATFORMS = "iphoneos iphonesimulator";
				SWIFT_APPROACHABLE_CONCURRENCY = YES;
				SWIFT_DEFAULT_ACTOR_ISOLATION = MainActor;
				SWIFT_EMIT_LOC_STRINGS = YES;
				SWIFT_STRICT_CONCURRENCY = complete;
				SWIFT_VERSION = 6.0;
				TARGETED_DEVICE_FAMILY = "1,2";
			};
			name = Debug;
		};
		7CFA0B1B000000000000000B /* Release */ = {
			isa = XCBuildConfiguration;
			buildSettings = {
				CODE_SIGN_STYLE = Manual;
				CURRENT_PROJECT_VERSION = 1;
				DEVELOPMENT_TEAM = "";
				GENERATE_INFOPLIST_FILE = YES;
				INFOPLIST_FILE = SlowWalkWidget/Info.plist;
				INFOPLIST_KEY_CFBundleDisplayName = "慢走组件";
				INFOPLIST_KEY_NSSupportsLiveActivities = YES;
				IPHONEOS_DEPLOYMENT_TARGET = 17.0;
				LD_RUNPATH_SEARCH_PATHS = (
					"$(inherited)",
					"@executable_path/Frameworks",
					"@executable_path/../../Frameworks",
				);
				MARKETING_VERSION = 1.0;
				PRODUCT_BUNDLE_IDENTIFIER = com.creaope.slowwalk.widget;
				PRODUCT_NAME = "$(TARGET_NAME)";
				PROVISIONING_PROFILE_SPECIFIER = "";
				SKIP_INSTALL = YES;
				SUPPORTED_PLATFORMS = "iphoneos iphonesimulator";
				SWIFT_APPROACHABLE_CONCURRENCY = YES;
				SWIFT_DEFAULT_ACTOR_ISOLATION = MainActor;
				SWIFT_EMIT_LOC_STRINGS = YES;
				SWIFT_STRICT_CONCURRENCY = complete;
				SWIFT_VERSION = 6.0;
				TARGETED_DEVICE_FAMILY = "1,2";
			};
			name = Release;
		};
/* End XCBuildConfiguration section */

/* Begin XCConfigurationList section */
		7C9608053018333F0081BCFA /* Build configuration list for PBXProject "SlowWalkApp" */ = {
			isa = XCConfigurationList;
			buildConfigurations = (
				7C960813301833410081BCFA /* Debug */,
				7C960814301833410081BCFA /* Release */,
			);
			defaultConfigurationIsVisible = 0;
			defaultConfigurationName = Release;
		};
		7C960815301833410081BCFA /* Build configuration list for PBXNativeTarget "SlowWalkApp" */ = {
			isa = XCConfigurationList;
			buildConfigurations = (
				7C960816301833410081BCFA /* Debug */,
				7C960817301833410081BCFA /* Release */,
			);
			defaultConfigurationIsVisible = 0;
			defaultConfigurationName = Release;
		};
		7CFA0A0B000000000000000B /* Build configuration list for PBXNativeTarget "SlowWalkAppTests" */ = {
			isa = XCConfigurationList;
			buildConfigurations = (
				7CFA0A090000000000000009 /* Debug */,
				7CFA0A0A000000000000000A /* Release */,
			);
			defaultConfigurationIsVisible = 0;
			defaultConfigurationName = Release;
		};
		7CFA0B1C000000000000000C /* Build configuration list for PBXNativeTarget "SlowWalkWidget" */ = {
			isa = XCConfigurationList;
			buildConfigurations = (
				7CFA0B1A000000000000000A /* Debug */,
				7CFA0B1B000000000000000B /* Release */,
			);
			defaultConfigurationIsVisible = 0;
			defaultConfigurationName = Release;
		};
/* End XCConfigurationList section */

/* Begin XCLocalSwiftPackageReference section */
		7C153876301849410049DF05 /* XCLocalSwiftPackageReference "../swift-packages/SlowWalkCore" */ = {
			isa = XCLocalSwiftPackageReference;
			relativePath = "../swift-packages/SlowWalkCore";
		};
/* End XCLocalSwiftPackageReference section */

/* Begin XCSwiftPackageProductDependency section */
		7C153877301849410049DF05 /* SlowWalkAPIContracts */ = {
			isa = XCSwiftPackageProductDependency;
			productName = SlowWalkAPIContracts;
		};
		7C153879301849410049DF05 /* SlowWalkClientCore */ = {
			isa = XCSwiftPackageProductDependency;
			productName = SlowWalkClientCore;
		};
		7C15387B301849410049DF05 /* SlowWalkDomain */ = {
			isa = XCSwiftPackageProductDependency;
			productName = SlowWalkDomain;
		};
		7CFA0B020000000000000011 /* SlowWalkDomain */ = {
			isa = XCSwiftPackageProductDependency;
			productName = SlowWalkDomain;
		};
/* End XCSwiftPackageProductDependency section */
	};
	rootObject = 7C9608023018333F0081BCFA /* Project object */;
}
